
Microsoft Visual Studio Solution File, Format Version 12.00
# Visual Studio Version 16
VisualStudioVersion = 16.0.30204.135
MinimumVisualStudioVersion = 10.0.40219.1
Project("{9A19103F-16F7-4668-BE54-9A1E7A4F7556}") = "WingtipToys.ProductService", "WingtipToys.ProductService.csproj", "{809741ED-13E3-4EFF-84F0-DFF1AEC6CBAF}"
EndProject
Global
	GlobalSection(SolutionConfigurationPlatforms) = preSolution
		Debug|Any CPU = Debug|Any CPU
		Release|Any CPU = Release|Any CPU
	EndGlobalSection
	GlobalSection(ProjectConfigurationPlatforms) = postSolution
		{809741ED-13E3-4EFF-84F0-DFF1AEC6CBAF}.Debug|Any CPU.ActiveCfg = Debug|Any CPU
		{809741ED-13E3-4EFF-84F0-DFF1AEC6CBAF}.Debug|Any CPU.Build.0 = Debug|Any CPU
		{809741ED-13E3-4EFF-84F0-DFF1AEC6CBAF}.Release|Any CPU.ActiveCfg = Release|Any CPU
		{809741ED-13E3-4EFF-84F0-DFF1AEC6CBAF}.Release|Any CPU.Build.0 = Release|Any CPU
	EndGlobalSection
	GlobalSection(SolutionProperties) = preSolution
		HideSolutionNode = FALSE
	EndGlobalSection
	GlobalSection(ExtensibilityGlobals) = postSolution
		SolutionGuid = {AA48DBA6-D590-412E-B4F0-1A8CEBDA5906}
	EndGlobalSection
EndGlobal
